// !$*UTF8*$!
{
	archiveVersion = 1;
	classes = {
	};
	objectVersion = 50;
	objects = {

/* Begin PBXBuildFile section */
		B4BAF449FA338E1CBB977CDF /* libPods-RACTest.a in Frameworks */ = {isa = PBXBuildFile; fileRef = E3609A7462EFF3A03F5320EC /* libPods-RACTest.a */; };
		B61D9A9422004453005A962A /* AppDelegate.m in Sources */ = {isa = PBXBuildFile; fileRef = B61D9A9322004453005A962A /* AppDelegate.m */; };
		B61D9A9722004453005A962A /* ViewController.m in Sources */ = {isa = PBXBuildFile; fileRef = B61D9A9622004453005A962A /* ViewController.m */; };
		B61D9A9A22004453005A962A /* Main.storyboard in Resources */ = {isa = PBXBuildFile; fileRef = B61D9A9822004453005A962A /* Main.storyboard */; };
		B61D9A9C22004454005A962A /* Assets.xcassets in Resources */ = {isa = PBXBuildFile; fileRef = B61D9A9B22004454005A962A /* Assets.xcassets */; };
		B61D9A9F22004454005A962A /* LaunchScreen.storyboard in Resources */ = {isa = PBXBuildFile; fileRef = B61D9A9D22004454005A962A /* LaunchScreen.storyboard */; };
		B61D9AA222004454005A962A /* main.m in Sources */ = {isa = PBXBuildFile; fileRef = B61D9AA122004454005A962A /* main.m */; };
		B61D9AAC22004454005A962A /* RACTestTests.m in Sources */ = {isa = PBXBuildFile; fileRef = B61D9AAB22004454005A962A /* RACTestTests.m */; };
		B61D9AB722004454005A962A /* RACTestUITests.m in Sources */ = {isa = PBXBuildFile; fileRef = B61D9AB622004454005A962A /* RACTestUITests.m */; };
		B61D9AC822004708005A962A /* VCViewModel.m in Sources */ = {isa = PBXBuildFile; fileRef = B61D9AC722004708005A962A /* VCViewModel.m */; };
		B61D9ACB220053FF005A962A /* LoginSuccessViewController.m in Sources */ = {isa = PBXBuildFile; fileRef = B61D9ACA220053FF005A962A /* LoginSuccessViewController.m */; };
		B6D71EEB221256E500A448CB /* TwoViewController.m in Sources */ = {isa = PBXBuildFile; fileRef = B6D71EEA221256E500A448CB /* TwoViewController.m */; };
		B6D71EEF22125E8700A448CB /* FlagItem.m in Sources */ = {isa = PBXBuildFile; fileRef = B6D71EEE22125E8700A448CB /* FlagItem.m */; };
		B6D71EF32212AA8400A448CB /* RedView.m in Sources */ = {isa = PBXBuildFile; fileRef = B6D71EF22212AA8400A448CB /* RedView.m */; };
/* End PBXBuildFile section */

/* Begin PBXContainerItemProxy section */
		B61D9AA822004454005A962A /* PBXContainerItemProxy */ = {
			isa = PBXContainerItemProxy;
			containerPortal = B61D9A8722004453005A962A /* Project object */;
			proxyType = 1;
			remoteGlobalIDString = B61D9A8E22004453005A962A;
			remoteInfo = RACTest;
		};
		B61D9AB322004454005A962A /* PBXContainerItemProxy */ = {
			isa = PBXContainerItemProxy;
			containerPortal = B61D9A8722004453005A962A /* Project object */;
			proxyType = 1;
			remoteGlobalIDString = B61D9A8E22004453005A962A;
			remoteInfo = RACTest;
		};
/* End PBXContainerItemProxy section */

/* Begin PBXFileReference section */
		2B170E4D78B94B34AC9D2163 /* Pods-RACTest.release.xcconfig */ = {isa = PBXFileReference; includeInIndex = 1; lastKnownFileType = text.xcconfig; name = "Pods-RACTest.release.xcconfig"; path = "Pods/Target Support Files/Pods-RACTest/Pods-RACTest.release.xcconfig"; sourceTree = "<group>"; };
		391F417EA84F4040DD664868 /* Pods-RACTest.debug.xcconfig */ = {isa = PBXFileReference; includeInIndex = 1; lastKnownFileType = text.xcconfig; name = "Pods-RACTest.debug.xcconfig"; path = "Pods/Target Support Files/Pods-RACTest/Pods-RACTest.debug.xcconfig"; sourceTree = "<group>"; };
		B61D9A8F22004453005A962A /* RACTest.app */ = {isa = PBXFileReference; explicitFileType = wrapper.application; includeInIndex = 0; path = RACTest.app; sourceTree = BUILT_PRODUCTS_DIR; };
		B61D9A9222004453005A962A /* AppDelegate.h */ = {isa = PBXFileReference; lastKnownFileType = sourcecode.c.h; path = AppDelegate.h; sourceTree = "<group>"; };
		B61D9A9322004453005A962A /* AppDelegate.m */ = {isa = PBXFileReference; lastKnownFileType = sourcecode.c.objc; path = AppDelegate.m; sourceTree = "<group>"; };
		B61D9A9522004453005A962A /* ViewController.h */ = {isa = PBXFileReference; lastKnownFileType = sourcecode.c.h; path = ViewController.h; sourceTree = "<group>"; };
		B61D9A9622004453005A962A /* ViewController.m */ = {isa = PBXFileReference; lastKnownFileType = sourcecode.c.objc; path = ViewController.m; sourceTree = "<group>"; };
		B61D9A9922004453005A962A /* Base */ = {isa = PBXFileReference; lastKnownFileType = file.storyboard; name = Base; path = Base.lproj/Main.storyboard; sourceTree = "<group>"; };
		B61D9A9B22004454005A962A /* Assets.xcassets */ = {isa = PBXFileReference; lastKnownFileType = folder.assetcatalog; path = Assets.xcassets; sourceTree = "<group>"; };
		B61D9A9E22004454005A962A /* Base */ = {isa = PBXFileReference; lastKnownFileType = file.storyboard; name = Base; path = Base.lproj/LaunchScreen.storyboard; sourceTree = "<group>"; };
		B61D9AA022004454005A962A /* Info.plist */ = {isa = PBXFileReference; lastKnownFileType = text.plist.xml; path = Info.plist; sourceTree = "<group>"; };
		B61D9AA122004454005A962A /* main.m */ = {isa = PBXFileReference; lastKnownFileType = sourcecode.c.objc; path = main.m; sourceTree = "<group>"; };
		B61D9AA722004454005A962A /* RACTestTests.xctest */ = {isa = PBXFileReference; explicitFileType = wrapper.cfbundle; includeInIndex = 0; path = RACTestTests.xctest; sourceTree = BUILT_PRODUCTS_DIR; };
		B61D9AAB22004454005A962A /* RACTestTests.m */ = {isa = PBXFileReference; lastKnownFileType = sourcecode.c.objc; path = RACTestTests.m; sourceTree = "<group>"; };
		B61D9AAD22004454005A962A /* Info.plist */ = {isa = PBXFileReference; lastKnownFileType = text.plist.xml; path = Info.plist; sourceTree = "<group>"; };
		B61D9AB222004454005A962A /* RACTestUITests.xctest */ = {isa = PBXFileReference; explicitFileType = wrapper.cfbundle; includeInIndex = 0; path = RACTestUITests.xctest; sourceTree = BUILT_PRODUCTS_DIR; };
		B61D9AB622004454005A962A /* RACTestUITests.m */ = {isa = PBXFileReference; lastKnownFileType = sourcecode.c.objc; path = RACTestUITests.m; sourceTree = "<group>"; };
		B61D9AB822004454005A962A /* Info.plist */ = {isa = PBXFileReference; lastKnownFileType = text.plist.xml; path = Info.plist; sourceTree = "<group>"; };
		B61D9AC622004708005A962A /* VCViewModel.h */ = {isa = PBXFileReference; lastKnownFileType = sourcecode.c.h; path = VCViewModel.h; sourceTree = "<group>"; };
		B61D9AC722004708005A962A /* VCViewModel.m */ = {isa = PBXFileReference; lastKnownFileType = sourcecode.c.objc; path = VCViewModel.m; sourceTree = "<group>"; };
		B61D9AC9220053FF005A962A /* LoginSuccessViewController.h */ = {isa = PBXFileReference; lastKnownFileType = sourcecode.c.h; path = LoginSuccessViewController.h; sourceTree = "<group>"; };
		B61D9ACA220053FF005A962A /* LoginSuccessViewController.m */ = {isa = PBXFileReference; lastKnownFileType = sourcecode.c.objc; path = LoginSuccessViewController.m; sourceTree = "<group>"; };
		B6D71EE9221256E500A448CB /* TwoViewController.h */ = {isa = PBXFileReference; lastKnownFileType = sourcecode.c.h; path = TwoViewController.h; sourceTree = "<group>"; };
		B6D71EEA221256E500A448CB /* TwoViewController.m */ = {isa = PBXFileReference; lastKnownFileType = sourcecode.c.objc; path = TwoViewController.m; sourceTree = "<group>"; };
		B6D71EED22125E8700A448CB /* FlagItem.h */ = {isa = PBXFileReference; lastKnownFileType = sourcecode.c.h; path = FlagItem.h; sourceTree = "<group>"; };
		B6D71EEE22125E8700A448CB /* FlagItem.m */ = {isa = PBXFileReference; lastKnownFileType = sourcecode.c.objc; path = FlagItem.m; sourceTree = "<group>"; };
		B6D71EF12212AA8400A448CB /* RedView.h */ = {isa = PBXFileReference; lastKnownFileType = sourcecode.c.h; path = RedView.h; sourceTree = "<group>"; };
		B6D71EF22212AA8400A448CB /* RedView.m */ = {isa = PBXFileReference; lastKnownFileType = sourcecode.c.objc; path = RedView.m; sourceTree = "<group>"; };
		E3609A7462EFF3A03F5320EC /* libPods-RACTest.a */ = {isa = PBXFileReference; explicitFileType = archive.ar; includeInIndex = 0; path = "libPods-RACTest.a"; sourceTree = BUILT_PRODUCTS_DIR; };
/* End PBXFileReference section */

/* Begin PBXFrameworksBuildPhase section */
		B61D9A8C22004453005A962A /* Frameworks */ = {
			isa = PBXFrameworksBuildPhase;
			buildActionMask = 2147483647;
			files = (
				B4BAF449FA338E1CBB977CDF /* libPods-RACTest.a in Frameworks */,
			);
			runOnlyForDeploymentPostprocessing = 0;
		};
		B61D9AA422004454005A962A /* Frameworks */ = {
			isa = PBXFrameworksBuildPhase;
			buildActionMask = 2147483647;
			files = (
			);
			runOnlyForDeploymentPostprocessing = 0;
		};
		B61D9AAF22004454005A962A /* Frameworks */ = {
			isa = PBXFrameworksBuildPhase;
			buildActionMask = 2147483647;
			files = (
			);
			runOnlyForDeploymentPostprocessing = 0;
		};
/* End PBXFrameworksBuildPhase section */

/* Begin PBXGroup section */
		1669BF9C36821C49640EB9BF /* Pods */ = {
			isa = PBXGroup;
			children = (
				391F417EA84F4040DD664868 /* Pods-RACTest.debug.xcconfig */,
				2B170E4D78B94B34AC9D2163 /* Pods-RACTest.release.xcconfig */,
			);
			name = Pods;
			sourceTree = "<group>";
		};
		2407E2150B6553A3C6AEE91C /* Frameworks */ = {
			isa = PBXGroup;
			children = (
				E3609A7462EFF3A03F5320EC /* libPods-RACTest.a */,
			);
			name = Frameworks;
			sourceTree = "<group>";
		};
		B61D9A8622004453005A962A = {
			isa = PBXGroup;
			children = (
				B61D9A9122004453005A962A /* RACTest */,
				B61D9AAA22004454005A962A /* RACTestTests */,
				B61D9AB522004454005A962A /* RACTestUITests */,
				B61D9A9022004453005A962A /* Products */,
				1669BF9C36821C49640EB9BF /* Pods */,
				2407E2150B6553A3C6AEE91C /* Frameworks */,
			);
			sourceTree = "<group>";
		};
		B61D9A9022004453005A962A /* Products */ = {
			isa = PBXGroup;
			children = (
				B61D9A8F22004453005A962A /* RACTest.app */,
				B61D9AA722004454005A962A /* RACTestTests.xctest */,
				B61D9AB222004454005A962A /* RACTestUITests.xctest */,
			);
			name = Products;
			sourceTree = "<group>";
		};
		B61D9A9122004453005A962A /* RACTest */ = {
			isa = PBXGroup;
			children = (
				B6D71EF02212AA7B00A448CB /* View */,
				B6D71EEC22125E7900A448CB /* Model */,
				B61D9AC5220046B0005A962A /* ViewModel */,
				B61D9AC4220046A6005A962A /* ViewController */,
				B61D9A9222004453005A962A /* AppDelegate.h */,
				B61D9A9322004453005A962A /* AppDelegate.m */,
				B61D9A9522004453005A962A /* ViewController.h */,
				B61D9A9622004453005A962A /* ViewController.m */,
				B61D9A9822004453005A962A /* Main.storyboard */,
				B61D9A9B22004454005A962A /* Assets.xcassets */,
				B61D9A9D22004454005A962A /* LaunchScreen.storyboard */,
				B61D9AA022004454005A962A /* Info.plist */,
				B61D9AA122004454005A962A /* main.m */,
			);
			path = RACTest;
			sourceTree = "<group>";
		};
		B61D9AAA22004454005A962A /* RACTestTests */ = {
			isa = PBXGroup;
			children = (
				B61D9AAB22004454005A962A /* RACTestTests.m */,
				B61D9AAD22004454005A962A /* Info.plist */,
			);
			path = RACTestTests;
			sourceTree = "<group>";
		};
		B61D9AB522004454005A962A /* RACTestUITests */ = {
			isa = PBXGroup;
			children = (
				B61D9AB622004454005A962A /* RACTestUITests.m */,
				B61D9AB822004454005A962A /* Info.plist */,
			);
			path = RACTestUITests;
			sourceTree = "<group>";
		};
		B61D9AC4220046A6005A962A /* ViewController */ = {
			isa = PBXGroup;
			children = (
				B61D9AC9220053FF005A962A /* LoginSuccessViewController.h */,
				B61D9ACA220053FF005A962A /* LoginSuccessViewController.m */,
				B6D71EE9221256E500A448CB /* TwoViewController.h */,
				B6D71EEA221256E500A448CB /* TwoViewController.m */,
			);
			path = ViewController;
			sourceTree = "<group>";
		};
		B61D9AC5220046B0005A962A /* ViewModel */ = {
			isa = PBXGroup;
			children = (
				B61D9AC622004708005A962A /* VCViewModel.h */,
				B61D9AC722004708005A962A /* VCViewModel.m */,
			);
			path = ViewModel;
			sourceTree = "<group>";
		};
		B6D71EEC22125E7900A448CB /* Model */ = {
			isa = PBXGroup;
			children = (
				B6D71EED22125E8700A448CB /* FlagItem.h */,
				B6D71EEE22125E8700A448CB /* FlagItem.m */,
			);
			path = Model;
			sourceTree = "<group>";
		};
		B6D71EF02212AA7B00A448CB /* View */ = {
			isa = PBXGroup;
			children = (
				B6D71EF12212AA8400A448CB /* RedView.h */,
				B6D71EF22212AA8400A448CB /* RedView.m */,
			);
			path = View;
			sourceTree = "<group>";
		};
/* End PBXGroup section */

/* Begin PBXNativeTarget section */
		B61D9A8E22004453005A962A /* RACTest */ = {
			isa = PBXNativeTarget;
			buildConfigurationList = B61D9ABB22004454005A962A /* Build configuration list for PBXNativeTarget "RACTest" */;
			buildPhases = (
				031F48DB21BEA257D8F31169 /* [CP] Check Pods Manifest.lock */,
				B61D9A8B22004453005A962A /* Sources */,
				B61D9A8C22004453005A962A /* Frameworks */,
				B61D9A8D22004453005A962A /* Resources */,
			);
			buildRules = (
			);
			dependencies = (
			);
			name = RACTest;
			productName = RACTest;
			productReference = B61D9A8F22004453005A962A /* RACTest.app */;
			productType = "com.apple.product-type.application";
		};
		B61D9AA622004454005A962A /* RACTestTests */ = {
			isa = PBXNativeTarget;
			buildConfigurationList = B61D9ABE22004454005A962A /* Build configuration list for PBXNativeTarget "RACTestTests" */;
			buildPhases = (
				B61D9AA322004454005A962A /* Sources */,
				B61D9AA422004454005A962A /* Frameworks */,
				B61D9AA522004454005A962A /* Resources */,
			);
			buildRules = (
			);
			dependencies = (
				B61D9AA922004454005A962A /* PBXTargetDependency */,
			);
			name = RACTestTests;
			productName = RACTestTests;
			productReference = B61D9AA722004454005A962A /* RACTestTests.xctest */;
			productType = "com.apple.product-type.bundle.unit-test";
		};
		B61D9AB122004454005A962A /* RACTestUITests */ = {
			isa = PBXNativeTarget;
			buildConfigurationList = B61D9AC122004454005A962A /* Build configuration list for PBXNativeTarget "RACTestUITests" */;
			buildPhases = (
				B61D9AAE22004454005A962A /* Sources */,
				B61D9AAF22004454005A962A /* Frameworks */,
				B61D9AB022004454005A962A /* Resources */,
			);
			buildRules = (
			);
			dependencies = (
				B61D9AB422004454005A962A /* PBXTargetDependency */,
			);
			name = RACTestUITests;
			productName = RACTestUITests;
			productReference = B61D9AB222004454005A962A /* RACTestUITests.xctest */;
			productType = "com.apple.product-type.bundle.ui-testing";
		};
/* End PBXNativeTarget section */

/* Begin PBXProject section */
		B61D9A8722004453005A962A /* Project object */ = {
			isa = PBXProject;
			attributes = {
				LastUpgradeCheck = 1010;
				ORGANIZATIONNAME = TonyShng;
				TargetAttributes = {
					B61D9A8E22004453005A962A = {
						CreatedOnToolsVersion = 10.1;
					};
					B61D9AA622004454005A962A = {
						CreatedOnToolsVersion = 10.1;
						TestTargetID = B61D9A8E22004453005A962A;
					};
					B61D9AB122004454005A962A = {
						CreatedOnToolsVersion = 10.1;
						TestTargetID = B61D9A8E22004453005A962A;
					};
				};
			};
			buildConfigurationList = B61D9A8A22004453005A962A /* Build configuration list for PBXProject "RACTest" */;
			compatibilityVersion = "Xcode 9.3";
			developmentRegion = en;
			hasScannedForEncodings = 0;
			knownRegions = (
				en,
				Base,
			);
			mainGroup = B61D9A8622004453005A962A;
			productRefGroup = B61D9A9022004453005A962A /* Products */;
			projectDirPath = "";
			projectRoot = "";
			targets = (
				B61D9A8E22004453005A962A /* RACTest */,
				B61D9AA622004454005A962A /* RACTestTests */,
				B61D9AB122004454005A962A /* RACTestUITests */,
			);
		};
/* End PBXProject section */

/* Begin PBXResourcesBuildPhase section */
		B61D9A8D22004453005A962A /* Resources */ = {
			isa = PBXResourcesBuildPhase;
			buildActionMask = 2147483647;
			files = (
				B61D9A9F22004454005A962A /* LaunchScreen.storyboard in Resources */,
				B61D9A9C22004454005A962A /* Assets.xcassets in Resources */,
				B61D9A9A22004453005A962A /* Main.storyboard in Resources */,
			);
			runOnlyForDeploymentPostprocessing = 0;
		};
		B61D9AA522004454005A962A /* Resources */ = {
			isa = PBXResourcesBuildPhase;
			buildActionMask = 2147483647;
			files = (
			);
			runOnlyForDeploymentPostprocessing = 0;
		};
		B61D9AB022004454005A962A /* Resources */ = {
			isa = PBXResourcesBuildPhase;
			buildActionMask = 2147483647;
			files = (
			);
			runOnlyForDeploymentPostprocessing = 0;
		};
/* End PBXResourcesBuildPhase section */

/* Begin PBXShellScriptBuildPhase section */
		031F48DB21BEA257D8F31169 /* [CP] Check Pods Manifest.lock */ = {
			isa = PBXShellScriptBuildPhase;
			buildActionMask = 2147483647;
			files = (
			);
			inputFileListPaths = (
			);
			inputPaths = (
				"${PODS_PODFILE_DIR_PATH}/Podfile.lock",
				"${PODS_ROOT}/Manifest.lock",
			);
			name = "[CP] Check Pods Manifest.lock";
			outputFileListPaths = (
			);
			outputPaths = (
				"$(DERIVED_FILE_DIR)/Pods-RACTest-checkManifestLockResult.txt",
			);
			runOnlyForDeploymentPostprocessing = 0;
			shellPath = /bin/sh;
			shellScript = "diff \"${PODS_PODFILE_DIR_PATH}/Podfile.lock\" \"${PODS_ROOT}/Manifest.lock\" > /dev/null\nif [ $? != 0 ] ; then\n    # print error to STDERR\n    echo \"error: The sandbox is not in sync with the Podfile.lock. Run 'pod install' or update your CocoaPods installation.\" >&2\n    exit 1\nfi\n# This output is used by Xcode 'outputs' to avoid re-running this script phase.\necho \"SUCCESS\" > \"${SCRIPT_OUTPUT_FILE_0}\"\n";
			showEnvVarsInLog = 0;
		};
/* End PBXShellScriptBuildPhase section */

/* Begin PBXSourcesBuildPhase section */
		B61D9A8B22004453005A962A /* Sources */ = {
			isa = PBXSourcesBuildPhase;
			buildActionMask = 2147483647;
			files = (
				B61D9A9722004453005A962A /* ViewController.m in Sources */,
				B61D9AC822004708005A962A /* VCViewModel.m in Sources */,
				B6D71EF32212AA8400A448CB /* RedView.m in Sources */,
				B6D71EEF22125E8700A448CB /* FlagItem.m in Sources */,
				B61D9ACB220053FF005A962A /* LoginSuccessViewController.m in Sources */,
				B6D71EEB221256E500A448CB /* TwoViewController.m in Sources */,
				B61D9AA222004454005A962A /* main.m in Sources */,
				B61D9A9422004453005A962A /* AppDelegate.m in Sources */,
			);
			runOnlyForDeploymentPostprocessing = 0;
		};
		B61D9AA322004454005A962A /* Sources */ = {
			isa = PBXSourcesBuildPhase;
			buildActionMask = 2147483647;
			files = (
				B61D9AAC22004454005A962A /* RACTestTests.m in Sources */,
			);
			runOnlyForDeploymentPostprocessing = 0;
		};
		B61D9AAE22004454005A962A /* Sources */ = {
			isa = PBXSourcesBuildPhase;
			buildActionMask = 2147483647;
			files = (
				B61D9AB722004454005A962A /* RACTestUITests.m in Sources */,
			);
			runOnlyForDeploymentPostprocessing = 0;
		};
/* End PBXSourcesBuildPhase section */

/* Begin PBXTargetDependency section */
		B61D9AA922004454005A962A /* PBXTargetDependency */ = {
			isa = PBXTargetDependency;
			target = B61D9A8E22004453005A962A /* RACTest */;
			targetProxy = B61D9AA822004454005A962A /* PBXContainerItemProxy */;
		};
		B61D9AB422004454005A962A /* PBXTargetDependency */ = {
			isa = PBXTargetDependency;
			target = B61D9A8E22004453005A962A /* RACTest */;
			targetProxy = B61D9AB322004454005A962A /* PBXContainerItemProxy */;
		};
/* End PBXTargetDependency section */

/* Begin PBXVariantGroup section */
		B61D9A9822004453005A962A /* Main.storyboard */ = {
			isa = PBXVariantGroup;
			children = (
				B61D9A9922004453005A962A /* Base */,
			);
			name = Main.storyboard;
			sourceTree = "<group>";
		};
		B61D9A9D22004454005A962A /* LaunchScreen.storyboard */ = {
			isa = PBXVariantGroup;
			children = (
				B61D9A9E22004454005A962A /* Base */,
			);
			name = LaunchScreen.storyboard;
			sourceTree = "<group>";
		};
/* End PBXVariantGroup section */

/* Begin XCBuildConfiguration section */
		B61D9AB922004454005A962A /* Debug */ = {
			isa = XCBuildConfiguration;
			buildSettings = {
				ALWAYS_SEARCH_USER_PATHS = NO;
				CLANG_ANALYZER_NONNULL = YES;
				CLANG_ANALYZER_NUMBER_OBJECT_CONVERSION = YES_AGGRESSIVE;
				CLANG_CXX_LANGUAGE_STANDARD = "gnu++14";
				CLANG_CXX_LIBRARY = "libc++";
				CLANG_ENABLE_MODULES = YES;
				CLANG_ENABLE_OBJC_ARC = YES;
				CLANG_ENABLE_OBJC_WEAK = YES;
				CLANG_WARN_BLOCK_CAPTURE_AUTORELEASING = YES;
				CLANG_WARN_BOOL_CONVERSION = YES;
				CLANG_WARN_COMMA = YES;
				CLANG_WARN_CONSTANT_CONVERSION = YES;
				CLANG_WARN_DEPRECATED_OBJC_IMPLEMENTATIONS = YES;
				CLANG_WARN_DIRECT_OBJC_ISA_USAGE = YES_ERROR;
				CLANG_WARN_DOCUMENTATION_COMMENTS = YES;
				CLANG_WARN_EMPTY_BODY = YES;
				CLANG_WARN_ENUM_CONVERSION = YES;
				CLANG_WARN_INFINITE_RECURSION = YES;
				CLANG_WARN_INT_CONVERSION = YES;
				CLANG_WARN_NON_LITERAL_NULL_CONVERSION = YES;
				CLANG_WARN_OBJC_IMPLICIT_RETAIN_SELF = YES;
				CLANG_WARN_OBJC_LITERAL_CONVERSION = YES;
				CLANG_WARN_OBJC_ROOT_CLASS = YES_ERROR;
				CLANG_WARN_RANGE_LOOP_ANALYSIS = YES;
				CLANG_WARN_STRICT_PROTOTYPES = YES;
				CLANG_WARN_SUSPICIOUS_MOVE = YES;
				CLANG_WARN_UNGUARDED_AVAILABILITY = YES_AGGRESSIVE;
				CLANG_WARN_UNREACHABLE_CODE = YES;
				CLANG_WARN__DUPLICATE_METHOD_MATCH = YES;
				CODE_SIGN_IDENTITY = "iPhone Developer";
				COPY_PHASE_STRIP = NO;
				DEBUG_INFORMATION_FORMAT = dwarf;
				ENABLE_STRICT_OBJC_MSGSEND = YES;
				ENABLE_TESTABILITY = YES;
				GCC_C_LANGUAGE_STANDARD = gnu11;
				GCC_DYNAMIC_NO_PIC = NO;
				GCC_NO_COMMON_BLOCKS = YES;
				GCC_OPTIMIZATION_LEVEL = 0;
				GCC_PREPROCESSOR_DEFINITIONS = (
					"DEBUG=1",
					"$(inherited)",
				);
				GCC_WARN_64_TO_32_BIT_CONVERSION = YES;
				GCC_WARN_ABOUT_RETURN_TYPE = YES_ERROR;
				GCC_WARN_UNDECLARED_SELECTOR = YES;
				GCC_WARN_UNINITIALIZED_AUTOS = YES_AGGRESSIVE;
				GCC_WARN_UNUSED_FUNCTION = YES;
				GCC_WARN_UNUSED_VARIABLE = YES;
				IPHONEOS_DEPLOYMENT_TARGET = 9.0;
				MTL_ENABLE_DEBUG_INFO = INCLUDE_SOURCE;
				MTL_FAST_MATH = YES;
				ONLY_ACTIVE_ARCH = YES;
				SDKROOT = iphoneos;
			};
			name = Debug;
		};
		B61D9ABA22004454005A962A /* Release */ = {
			isa = XCBuildConfiguration;
			buildSettings = {
				ALWAYS_SEARCH_USER_PATHS = NO;
				CLANG_ANALYZER_NONNULL = YES;
				CLANG_ANALYZER_NUMBER_OBJECT_CONVERSION = YES_AGGRESSIVE;
				CLANG_CXX_LANGUAGE_STANDARD = "gnu++14";
				CLANG_CXX_LIBRARY = "libc++";
				CLANG_ENABLE_MODULES = YES;
				CLANG_ENABLE_OBJC_ARC = YES;
				CLANG_ENABLE_OBJC_WEAK = YES;
				CLANG_WARN_BLOCK_CAPTURE_AUTORELEASING = YES;
				CLANG_WARN_BOOL_CONVERSION = YES;
				CLANG_WARN_COMMA = YES;
				CLANG_WARN_CONSTANT_CONVERSION = YES;
				CLANG_WARN_DEPRECATED_OBJC_IMPLEMENTATIONS = YES;
				CLANG_WARN_DIRECT_OBJC_ISA_USAGE = YES_ERROR;
				CLANG_WARN_DOCUMENTATION_COMMENTS = YES;
				CLANG_WARN_EMPTY_BODY = YES;
				CLANG_WARN_ENUM_CONVERSION = YES;
				CLANG_WARN_INFINITE_RECURSION = YES;
				CLANG_WARN_INT_CONVERSION = YES;
				CLANG_WARN_NON_LITERAL_NULL_CONVERSION = YES;
				CLANG_WARN_OBJC_IMPLICIT_RETAIN_SELF = YES;
				CLANG_WARN_OBJC_LITERAL_CONVERSION = YES;
				CLANG_WARN_OBJC_ROOT_CLASS = YES_ERROR;
				CLANG_WARN_RANGE_LOOP_ANALYSIS = YES;
				CLANG_WARN_STRICT_PROTOTYPES = YES;
				CLANG_WARN_SUSPICIOUS_MOVE = YES;
				CLANG_WARN_UNGUARDED_AVAILABILITY = YES_AGGRESSIVE;
				CLANG_WARN_UNREACHABLE_CODE = YES;
				CLANG_WARN__DUPLICATE_METHOD_MATCH = YES;
				CODE_SIGN_IDENTITY = "iPhone Developer";
				COPY_PHASE_STRIP = NO;
				DEBUG_INFORMATION_FORMAT = "dwarf-with-dsym";
				ENABLE_NS_ASSERTIONS = NO;
				ENABLE_STRICT_OBJC_MSGSEND = YES;
				GCC_C_LANGUAGE_STANDARD = gnu11;
				GCC_NO_COMMON_BLOCKS = YES;
				GCC_WARN_64_TO_32_BIT_CONVERSION = YES;
				GCC_WARN_ABOUT_RETURN_TYPE = YES_ERROR;
				GCC_WARN_UNDECLARED_SELECTOR = YES;
				GCC_WARN_UNINITIALIZED_AUTOS = YES_AGGRESSIVE;
				GCC_WARN_UNUSED_FUNCTION = YES;
				GCC_WARN_UNUSED_VARIABLE = YES;
				IPHONEOS_DEPLOYMENT_TARGET = 9.0;
				MTL_ENABLE_DEBUG_INFO = NO;
				MTL_FAST_MATH = YES;
				SDKROOT = iphoneos;
				VALIDATE_PRODUCT = YES;
			};
			name = Release;
		};
		B61D9ABC22004454005A962A /* Debug */ = {
			isa = XCBuildConfiguration;
			baseConfigurationReference = 391F417EA84F4040DD664868 /* Pods-RACTest.debug.xcconfig */;
			buildSettings = {
				ASSETCATALOG_COMPILER_APPICON_NAME = AppIcon;
				CODE_SIGN_STYLE = Automatic;
				DEVELOPMENT_TEAM = M344MYKMW3;
				INFOPLIST_FILE = RACTest/Info.plist;
				IPHONEOS_DEPLOYMENT_TARGET = 9.0;
				LD_RUNPATH_SEARCH_PATHS = (
					"$(inherited)",
					"@executable_path/Frameworks",
				);
				PRODUCT_BUNDLE_IDENTIFIER = com.TonyShng.RACTest;
				PRODUCT_NAME = "$(TARGET_NAME)";
				TARGETED_DEVICE_FAMILY = "1,2";
			};
			name = Debug;
		};
		B61D9ABD22004454005A962A /* Release */ = {
			isa = XCBuildConfiguration;
			baseConfigurationReference = 2B170E4D78B94B34AC9D2163 /* Pods-RACTest.release.xcconfig */;
			buildSettings = {
				ASSETCATALOG_COMPILER_APPICON_NAME = AppIcon;
				CODE_SIGN_STYLE = Automatic;
				DEVELOPMENT_TEAM = M344MYKMW3;
				INFOPLIST_FILE = RACTest/Info.plist;
				IPHONEOS_DEPLOYMENT_TARGET = 9.0;
				LD_RUNPATH_SEARCH_PATHS = (
					"$(inherited)",
					"@executable_path/Frameworks",
				);
				PRODUCT_BUNDLE_IDENTIFIER = com.TonyShng.RACTest;
				PRODUCT_NAME = "$(TARGET_NAME)";
				TARGETED_DEVICE_FAMILY = "1,2";
			};
			name = Release;
		};
		B61D9ABF22004454005A962A /* Debug */ = {
			isa = XCBuildConfiguration;
			buildSettings = {
				BUNDLE_LOADER = "$(TEST_HOST)";
				CODE_SIGN_STYLE = Automatic;
				DEVELOPMENT_TEAM = M344MYKMW3;
				INFOPLIST_FILE = RACTestTests/Info.plist;
				LD_RUNPATH_SEARCH_PATHS = (
					"$(inherited)",
					"@executable_path/Frameworks",
					"@loader_path/Frameworks",
				);
				PRODUCT_BUNDLE_IDENTIFIER = com.TonyShng.RACTestTests;
				PRODUCT_NAME = "$(TARGET_NAME)";
				TARGETED_DEVICE_FAMILY = "1,2";
				TEST_HOST = "$(BUILT_PRODUCTS_DIR)/RACTest.app/RACTest";
			};
			name = Debug;
		};
		B61D9AC022004454005A962A /* Release */ = {
			isa = XCBuildConfiguration;
			buildSettings = {
				BUNDLE_LOADER = "$(TEST_HOST)";
				CODE_SIGN_STYLE = Automatic;
				DEVELOPMENT_TEAM = M344MYKMW3;
				INFOPLIST_FILE = RACTestTests/Info.plist;
				LD_RUNPATH_SEARCH_PATHS = (
					"$(inherited)",
					"@executable_path/Frameworks",
					"@loader_path/Frameworks",
				);
				PRODUCT_BUNDLE_IDENTIFIER = com.TonyShng.RACTestTests;
				PRODUCT_NAME = "$(TARGET_NAME)";
				TARGETED_DEVICE_FAMILY = "1,2";
				TEST_HOST = "$(BUILT_PRODUCTS_DIR)/RACTest.app/RACTest";
			};
			name = Release;
		};
		B61D9AC222004454005A962A /* Debug */ = {
			isa = XCBuildConfiguration;
			buildSettings = {
				CODE_SIGN_STYLE = Automatic;
				DEVELOPMENT_TEAM = M344MYKMW3;
				INFOPLIST_FILE = RACTestUITests/Info.plist;
				LD_RUNPATH_SEARCH_PATHS = (
					"$(inherited)",
					"@executable_path/Frameworks",
					"@loader_path/Frameworks",
				);
				PRODUCT_BUNDLE_IDENTIFIER = com.TonyShng.RACTestUITests;
				PRODUCT_NAME = "$(TARGET_NAME)";
				TARGETED_DEVICE_FAMILY = "1,2";
				TEST_TARGET_NAME = RACTest;
			};
			name = Debug;
		};
		B61D9AC322004454005A962A /* Release */ = {
			isa = XCBuildConfiguration;
			buildSettings = {
				CODE_SIGN_STYLE = Automatic;
				DEVELOPMENT_TEAM = M344MYKMW3;
				INFOPLIST_FILE = RACTestUITests/Info.plist;
				LD_RUNPATH_SEARCH_PATHS = (
					"$(inherited)",
					"@executable_path/Frameworks",
					"@loader_path/Frameworks",
				);
				PRODUCT_BUNDLE_IDENTIFIER = com.TonyShng.RACTestUITests;
				PRODUCT_NAME = "$(TARGET_NAME)";
				TARGETED_DEVICE_FAMILY = "1,2";
				TEST_TARGET_NAME = RACTest;
			};
			name = Release;
		};
/* End XCBuildConfiguration section */

/* Begin XCConfigurationList section */
		B61D9A8A22004453005A962A /* Build configuration list for PBXProject "RACTest" */ = {
			isa = XCConfigurationList;
			buildConfigurations = (
				B61D9AB922004454005A962A /* Debug */,
				B61D9ABA22004454005A962A /* Release */,
			);
			defaultConfigurationIsVisible = 0;
			defaultConfigurationName = Release;
		};
		B61D9ABB22004454005A962A /* Build configuration list for PBXNativeTarget "RACTest" */ = {
			isa = XCConfigurationList;
			buildConfigurations = (
				B61D9ABC22004454005A962A /* Debug */,
				B61D9ABD22004454005A962A /* Release */,
			);
			defaultConfigurationIsVisible = 0;
			defaultConfigurationName = Release;
		};
		B61D9ABE22004454005A962A /* Build configuration list for PBXNativeTarget "RACTestTests" */ = {
			isa = XCConfigurationList;
			buildConfigurations = (
				B61D9ABF22004454005A962A /* Debug */,
				B61D9AC022004454005A962A /* Release */,
			);
			defaultConfigurationIsVisible = 0;
			defaultConfigurationName = Release;
		};
		B61D9AC122004454005A962A /* Build configuration list for PBXNativeTarget "RACTestUITests" */ = {
			isa = XCConfigurationList;
			buildConfigurations = (
				B61D9AC222004454005A962A /* Debug */,
				B61D9AC322004454005A962A /* Release */,
			);
			defaultConfigurationIsVisible = 0;
			defaultConfigurationName = Release;
		};
/* End XCConfigurationList section */
	};
	rootObject = B61D9A8722004453005A962A /* Project object */;
}
