// !$*UTF8*$!
{
	archiveVersion = 1;
	classes = {
	};
	objectVersion = 50;
	objects = {

/* Begin PBXBuildFile section */
		EA83902621997E6E007397FA /* AppDelegate.m in Sources */ = {isa = PBXBuildFile; fileRef = EA83902521997E6E007397FA /* AppDelegate.m */; };
		EA83902921997E6E007397FA /* ViewController.m in Sources */ = {isa = PBXBuildFile; fileRef = EA83902821997E6E007397FA /* ViewController.m */; };
		EA83902C21997E6E007397FA /* Main.storyboard in Resources */ = {isa = PBXBuildFile; fileRef = EA83902A21997E6E007397FA /* Main.storyboard */; };
		EA83902E21997E6F007397FA /* Assets.xcassets in Resources */ = {isa = PBXBuildFile; fileRef = EA83902D21997E6F007397FA /* Assets.xcassets */; };
		EA83903121997E6F007397FA /* LaunchScreen.storyboard in Resources */ = {isa = PBXBuildFile; fileRef = EA83902F21997E6F007397FA /* LaunchScreen.storyboard */; };
		EA83903421997E6F007397FA /* main.m in Sources */ = {isa = PBXBuildFile; fileRef = EA83903321997E6F007397FA /* main.m */; };
		EA83903C21998018007397FA /* MyProxy.m in Sources */ = {isa = PBXBuildFile; fileRef = EA83903B21998018007397FA /* MyProxy.m */; };
/* End PBXBuildFile section */

/* Begin PBXFileReference section */
		EA83902121997E6E007397FA /* Pro_1112NSProxy.app */ = {isa = PBXFileReference; explicitFileType = wrapper.application; includeInIndex = 0; path = Pro_1112NSProxy.app; sourceTree = BUILT_PRODUCTS_DIR; };
		EA83902421997E6E007397FA /* AppDelegate.h */ = {isa = PBXFileReference; lastKnownFileType = sourcecode.c.h; path = AppDelegate.h; sourceTree = "<group>"; };
		EA83902521997E6E007397FA /* AppDelegate.m */ = {isa = PBXFileReference; lastKnownFileType = sourcecode.c.objc; path = AppDelegate.m; sourceTree = "<group>"; };
		EA83902721997E6E007397FA /* ViewController.h */ = {isa = PBXFileReference; lastKnownFileType = sourcecode.c.h; path = ViewController.h; sourceTree = "<group>"; };
		EA83902821997E6E007397FA /* ViewController.m */ = {isa = PBXFileReference; lastKnownFileType = sourcecode.c.objc; path = ViewController.m; sourceTree = "<group>"; };
		EA83902B21997E6E007397FA /* Base */ = {isa = PBXFileReference; lastKnownFileType = file.storyboard; name = Base; path = Base.lproj/Main.storyboard; sourceTree = "<group>"; };
		EA83902D21997E6F007397FA /* Assets.xcassets */ = {isa = PBXFileReference; lastKnownFileType = folder.assetcatalog; path = Assets.xcassets; sourceTree = "<group>"; };
		EA83903021997E6F007397FA /* Base */ = {isa = PBXFileReference; lastKnownFileType = file.storyboard; name = Base; path = Base.lproj/LaunchScreen.storyboard; sourceTree = "<group>"; };
		EA83903221997E6F007397FA /* Info.plist */ = {isa = PBXFileReference; lastKnownFileType = text.plist.xml; path = Info.plist; sourceTree = "<group>"; };
		EA83903321997E6F007397FA /* main.m */ = {isa = PBXFileReference; lastKnownFileType = sourcecode.c.objc; path = main.m; sourceTree = "<group>"; };
		EA83903A21998018007397FA /* MyProxy.h */ = {isa = PBXFileReference; lastKnownFileType = sourcecode.c.h; path = MyProxy.h; sourceTree = "<group>"; };
		EA83903B21998018007397FA /* MyProxy.m */ = {isa = PBXFileReference; lastKnownFileType = sourcecode.c.objc; path = MyProxy.m; sourceTree = "<group>"; };
/* End PBXFileReference section */

/* Begin PBXFrameworksBuildPhase section */
		EA83901E21997E6E007397FA /* Frameworks */ = {
			isa = PBXFrameworksBuildPhase;
			buildActionMask = 2147483647;
			files = (
			);
			runOnlyForDeploymentPostprocessing = 0;
		};
/* End PBXFrameworksBuildPhase section */

/* Begin PBXGroup section */
		EA83901821997E6E007397FA = {
			isa = PBXGroup;
			children = (
				EA83902321997E6E007397FA /* Pro_1112NSProxy */,
				EA83902221997E6E007397FA /* Products */,
			);
			sourceTree = "<group>";
		};
		EA83902221997E6E007397FA /* Products */ = {
			isa = PBXGroup;
			children = (
				EA83902121997E6E007397FA /* Pro_1112NSProxy.app */,
			);
			name = Products;
			sourceTree = "<group>";
		};
		EA83902321997E6E007397FA /* Pro_1112NSProxy */ = {
			isa = PBXGroup;
			children = (
				EA83902421997E6E007397FA /* AppDelegate.h */,
				EA83902521997E6E007397FA /* AppDelegate.m */,
				EA83902721997E6E007397FA /* ViewController.h */,
				EA83902821997E6E007397FA /* ViewController.m */,
				EA83903A21998018007397FA /* MyProxy.h */,
				EA83903B21998018007397FA /* MyProxy.m */,
				EA83902A21997E6E007397FA /* Main.storyboard */,
				EA83902D21997E6F007397FA /* Assets.xcassets */,
				EA83902F21997E6F007397FA /* LaunchScreen.storyboard */,
				EA83903221997E6F007397FA /* Info.plist */,
				EA83903321997E6F007397FA /* main.m */,
			);
			path = Pro_1112NSProxy;
			sourceTree = "<group>";
		};
/* End PBXGroup section */

/* Begin PBXNativeTarget section */
		EA83902021997E6E007397FA /* Pro_1112NSProxy */ = {
			isa = PBXNativeTarget;
			buildConfigurationList = EA83903721997E6F007397FA /* Build configuration list for PBXNativeTarget "Pro_1112NSProxy" */;
			buildPhases = (
				EA83901D21997E6E007397FA /* Sources */,
				EA83901E21997E6E007397FA /* Frameworks */,
				EA83901F21997E6E007397FA /* Resources */,
			);
			buildRules = (
			);
			dependencies = (
			);
			name = Pro_1112NSProxy;
			productName = Pro_1112NSProxy;
			productReference = EA83902121997E6E007397FA /* Pro_1112NSProxy.app */;
			productType = "com.apple.product-type.application";
		};
/* End PBXNativeTarget section */

/* Begin PBXProject section */
		EA83901921997E6E007397FA /* Project object */ = {
			isa = PBXProject;
			attributes = {
				LastUpgradeCheck = 1000;
				ORGANIZATIONNAME = quanyoubao;
				TargetAttributes = {
					EA83902021997E6E007397FA = {
						CreatedOnToolsVersion = 10.0;
					};
				};
			};
			buildConfigurationList = EA83901C21997E6E007397FA /* Build configuration list for PBXProject "Pro_1112NSProxy" */;
			compatibilityVersion = "Xcode 9.3";
			developmentRegion = en;
			hasScannedForEncodings = 0;
			knownRegions = (
				en,
				Base,
			);
			mainGroup = EA83901821997E6E007397FA;
			productRefGroup = EA83902221997E6E007397FA /* Products */;
			projectDirPath = "";
			projectRoot = "";
			targets = (
				EA83902021997E6E007397FA /* Pro_1112NSProxy */,
			);
		};
/* End PBXProject section */

/* Begin PBXResourcesBuildPhase section */
		EA83901F21997E6E007397FA /* Resources */ = {
			isa = PBXResourcesBuildPhase;
			buildActionMask = 2147483647;
			files = (
				EA83903121997E6F007397FA /* LaunchScreen.storyboard in Resources */,
				EA83902E21997E6F007397FA /* Assets.xcassets in Resources */,
				EA83902C21997E6E007397FA /* Main.storyboard in Resources */,
			);
			runOnlyForDeploymentPostprocessing = 0;
		};
/* End PBXResourcesBuildPhase section */

/* Begin PBXSourcesBuildPhase section */
		EA83901D21997E6E007397FA /* Sources */ = {
			isa = PBXSourcesBuildPhase;
			buildActionMask = 2147483647;
			files = (
				EA83903C21998018007397FA /* MyProxy.m in Sources */,
				EA83902921997E6E007397FA /* ViewController.m in Sources */,
				EA83903421997E6F007397FA /* main.m in Sources */,
				EA83902621997E6E007397FA /* AppDelegate.m in Sources */,
			);
			runOnlyForDeploymentPostprocessing = 0;
		};
/* End PBXSourcesBuildPhase section */

/* Begin PBXVariantGroup section */
		EA83902A21997E6E007397FA /* Main.storyboard */ = {
			isa = PBXVariantGroup;
			children = (
				EA83902B21997E6E007397FA /* Base */,
			);
			name = Main.storyboard;
			sourceTree = "<group>";
		};
		EA83902F21997E6F007397FA /* LaunchScreen.storyboard */ = {
			isa = PBXVariantGroup;
			children = (
				EA83903021997E6F007397FA /* Base */,
			);
			name = LaunchScreen.storyboard;
			sourceTree = "<group>";
		};
/* End PBXVariantGroup section */

/* Begin XCBuildConfiguration section */
		EA83903521997E6F007397FA /* Debug */ = {
			isa = XCBuildConfiguration;
			buildSettings = {
				ALWAYS_SEARCH_USER_PATHS = NO;
				CLANG_ANALYZER_NONNULL = YES;
				CLANG_ANALYZER_NUMBER_OBJECT_CONVERSION = YES_AGGRESSIVE;
				CLANG_CXX_LANGUAGE_STANDARD = "gnu++14";
				CLANG_CXX_LIBRARY = "libc++";
				CLANG_ENABLE_MODULES = YES;
				CLANG_ENABLE_OBJC_ARC = YES;
				CLANG_ENABLE_OBJC_WEAK = YES;
				CLANG_WARN_BLOCK_CAPTURE_AUTORELEASING = YES;
				CLANG_WARN_BOOL_CONVERSION = YES;
				CLANG_WARN_COMMA = YES;
				CLANG_WARN_CONSTANT_CONVERSION = YES;
				CLANG_WARN_DEPRECATED_OBJC_IMPLEMENTATIONS = YES;
				CLANG_WARN_DIRECT_OBJC_ISA_USAGE = YES_ERROR;
				CLANG_WARN_DOCUMENTATION_COMMENTS = YES;
				CLANG_WARN_EMPTY_BODY = YES;
				CLANG_WARN_ENUM_CONVERSION = YES;
				CLANG_WARN_INFINITE_RECURSION = YES;
				CLANG_WARN_INT_CONVERSION = YES;
				CLANG_WARN_NON_LITERAL_NULL_CONVERSION = YES;
				CLANG_WARN_OBJC_IMPLICIT_RETAIN_SELF = YES;
				CLANG_WARN_OBJC_LITERAL_CONVERSION = YES;
				CLANG_WARN_OBJC_ROOT_CLASS = YES_ERROR;
				CLANG_WARN_RANGE_LOOP_ANALYSIS = YES;
				CLANG_WARN_STRICT_PROTOTYPES = YES;
				CLANG_WARN_SUSPICIOUS_MOVE = YES;
				CLANG_WARN_UNGUARDED_AVAILABILITY = YES_AGGRESSIVE;
				CLANG_WARN_UNREACHABLE_CODE = YES;
				CLANG_WARN__DUPLICATE_METHOD_MATCH = YES;
				CODE_SIGN_IDENTITY = "iPhone Developer";
				COPY_PHASE_STRIP = NO;
				DEBUG_INFORMATION_FORMAT = dwarf;
				ENABLE_STRICT_OBJC_MSGSEND = YES;
				ENABLE_TESTABILITY = YES;
				GCC_C_LANGUAGE_STANDARD = gnu11;
				GCC_DYNAMIC_NO_PIC = NO;
				GCC_NO_COMMON_BLOCKS = YES;
				GCC_OPTIMIZATION_LEVEL = 0;
				GCC_PREPROCESSOR_DEFINITIONS = (
					"DEBUG=1",
					"$(inherited)",
				);
				GCC_WARN_64_TO_32_BIT_CONVERSION = YES;
				GCC_WARN_ABOUT_RETURN_TYPE = YES_ERROR;
				GCC_WARN_UNDECLARED_SELECTOR = YES;
				GCC_WARN_UNINITIALIZED_AUTOS = YES_AGGRESSIVE;
				GCC_WARN_UNUSED_FUNCTION = YES;
				GCC_WARN_UNUSED_VARIABLE = YES;
				IPHONEOS_DEPLOYMENT_TARGET = 12.0;
				MTL_ENABLE_DEBUG_INFO = INCLUDE_SOURCE;
				MTL_FAST_MATH = YES;
				ONLY_ACTIVE_ARCH = YES;
				SDKROOT = iphoneos;
			};
			name = Debug;
		};
		EA83903621997E6F007397FA /* Release */ = {
			isa = XCBuildConfiguration;
			buildSettings = {
				ALWAYS_SEARCH_USER_PATHS = NO;
				CLANG_ANALYZER_NONNULL = YES;
				CLANG_ANALYZER_NUMBER_OBJECT_CONVERSION = YES_AGGRESSIVE;
				CLANG_CXX_LANGUAGE_STANDARD = "gnu++14";
				CLANG_CXX_LIBRARY = "libc++";
				CLANG_ENABLE_MODULES = YES;
				CLANG_ENABLE_OBJC_ARC = YES;
				CLANG_ENABLE_OBJC_WEAK = YES;
				CLANG_WARN_BLOCK_CAPTURE_AUTORELEASING = YES;
				CLANG_WARN_BOOL_CONVERSION = YES;
				CLANG_WARN_COMMA = YES;
				CLANG_WARN_CONSTANT_CONVERSION = YES;
				CLANG_WARN_DEPRECATED_OBJC_IMPLEMENTATIONS = YES;
				CLANG_WARN_DIRECT_OBJC_ISA_USAGE = YES_ERROR;
				CLANG_WARN_DOCUMENTATION_COMMENTS = YES;
				CLANG_WARN_EMPTY_BODY = YES;
				CLANG_WARN_ENUM_CONVERSION = YES;
				CLANG_WARN_INFINITE_RECURSION = YES;
				CLANG_WARN_INT_CONVERSION = YES;
				CLANG_WARN_NON_LITERAL_NULL_CONVERSION = YES;
				CLANG_WARN_OBJC_IMPLICIT_RETAIN_SELF = YES;
				CLANG_WARN_OBJC_LITERAL_CONVERSION = YES;
				CLANG_WARN_OBJC_ROOT_CLASS = YES_ERROR;
				CLANG_WARN_RANGE_LOOP_ANALYSIS = YES;
				CLANG_WARN_STRICT_PROTOTYPES = YES;
				CLANG_WARN_SUSPICIOUS_MOVE = YES;
				CLANG_WARN_UNGUARDED_AVAILABILITY = YES_AGGRESSIVE;
				CLANG_WARN_UNREACHABLE_CODE = YES;
				CLANG_WARN__DUPLICATE_METHOD_MATCH = YES;
				CODE_SIGN_IDENTITY = "iPhone Developer";
				COPY_PHASE_STRIP = NO;
				DEBUG_INFORMATION_FORMAT = "dwarf-with-dsym";
				ENABLE_NS_ASSERTIONS = NO;
				ENABLE_STRICT_OBJC_MSGSEND = YES;
				GCC_C_LANGUAGE_STANDARD = gnu11;
				GCC_NO_COMMON_BLOCKS = YES;
				GCC_WARN_64_TO_32_BIT_CONVERSION = YES;
				GCC_WARN_ABOUT_RETURN_TYPE = YES_ERROR;
				GCC_WARN_UNDECLARED_SELECTOR = YES;
				GCC_WARN_UNINITIALIZED_AUTOS = YES_AGGRESSIVE;
				GCC_WARN_UNUSED_FUNCTION = YES;
				GCC_WARN_UNUSED_VARIABLE = YES;
				IPHONEOS_DEPLOYMENT_TARGET = 12.0;
				MTL_ENABLE_DEBUG_INFO = NO;
				MTL_FAST_MATH = YES;
				SDKROOT = iphoneos;
				VALIDATE_PRODUCT = YES;
			};
			name = Release;
		};
		EA83903821997E6F007397FA /* Debug */ = {
			isa = XCBuildConfiguration;
			buildSettings = {
				ASSETCATALOG_COMPILER_APPICON_NAME = AppIcon;
				CODE_SIGN_STYLE = Automatic;
				DEVELOPMENT_TEAM = 7VNDCR5J8B;
				INFOPLIST_FILE = Pro_1112NSProxy/Info.plist;
				LD_RUNPATH_SEARCH_PATHS = (
					"$(inherited)",
					"@executable_path/Frameworks",
				);
				PRODUCT_BUNDLE_IDENTIFIER = "com.qyb.Pro-1112NSProxy";
				PRODUCT_NAME = "$(TARGET_NAME)";
				TARGETED_DEVICE_FAMILY = "1,2";
			};
			name = Debug;
		};
		EA83903921997E6F007397FA /* Release */ = {
			isa = XCBuildConfiguration;
			buildSettings = {
				ASSETCATALOG_COMPILER_APPICON_NAME = AppIcon;
				CODE_SIGN_STYLE = Automatic;
				DEVELOPMENT_TEAM = 7VNDCR5J8B;
				INFOPLIST_FILE = Pro_1112NSProxy/Info.plist;
				LD_RUNPATH_SEARCH_PATHS = (
					"$(inherited)",
					"@executable_path/Frameworks",
				);
				PRODUCT_BUNDLE_IDENTIFIER = "com.qyb.Pro-1112NSProxy";
				PRODUCT_NAME = "$(TARGET_NAME)";
				TARGETED_DEVICE_FAMILY = "1,2";
			};
			name = Release;
		};
/* End XCBuildConfiguration section */

/* Begin XCConfigurationList section */
		EA83901C21997E6E007397FA /* Build configuration list for PBXProject "Pro_1112NSProxy" */ = {
			isa = XCConfigurationList;
			buildConfigurations = (
				EA83903521997E6F007397FA /* Debug */,
				EA83903621997E6F007397FA /* Release */,
			);
			defaultConfigurationIsVisible = 0;
			defaultConfigurationName = Release;
		};
		EA83903721997E6F007397FA /* Build configuration list for PBXNativeTarget "Pro_1112NSProxy" */ = {
			isa = XCConfigurationList;
			buildConfigurations = (
				EA83903821997E6F007397FA /* Debug */,
				EA83903921997E6F007397FA /* Release */,
			);
			defaultConfigurationIsVisible = 0;
			defaultConfigurationName = Release;
		};
/* End XCConfigurationList section */
	};
	rootObject = EA83901921997E6E007397FA /* Project object */;
}
